
Microsoft Visual Studio Solution File, Format Version 12.00
# Visual Studio Version 16
VisualStudioVersion = 16.0.29519.181
MinimumVisualStudioVersion = 10.0.40219.1
Project("{FAE04EC0-301F-11D3-BF4B-00C04F79EFBC}") = "Calculator", "Calculator\Calculator.csproj", "{69CE7FC8-E7A7-405F-BB81-2C2C53C824F9}"
EndProject
Global
	GlobalSection(SolutionConfigurationPlatforms) = preSolution
		Debug|Any CPU = Debug|Any CPU
		Release|Any CPU = Release|Any CPU
	EndGlobalSection
	GlobalSection(ProjectConfigurationPlatforms) = postSolution
		{69CE7FC8-E7A7-405F-BB81-2C2C53C824F9}.Debug|Any CPU.ActiveCfg = Debug|Any CPU
		{69CE7FC8-E7A7-405F-BB81-2C2C53C824F9}.Debug|Any CPU.Build.0 = Debug|Any CPU
		{69CE7FC8-E7A7-405F-BB81-2C2C53C824F9}.Release|Any CPU.ActiveCfg = Release|Any CPU
		{69CE7FC8-E7A7-405F-BB81-2C2C53C824F9}.Release|Any CPU.Build.0 = Release|Any CPU
	EndGlobalSection
	GlobalSection(SolutionProperties) = preSolution
		HideSolutionNode = FALSE
	EndGlobalSection
	GlobalSection(ExtensibilityGlobals) = postSolution
		SolutionGuid = {200DBE15-F52C-4A63-B0F9-8F09C201AC03}
	EndGlobalSection
EndGlobal
